
Microsoft Visual Studio Solution File, Format Version 12.00
# Visual Studio Version 17
VisualStudioVersion = 17.8.34322.80
MinimumVisualStudioVersion = 10.0.40219.1
Project("{FAE04EC0-301F-11D3-BF4B-00C04F79EFBC}") = "AIS AE ver2.0", "AIS AE ver2.0\AIS AE ver2.0.csproj", "{73A00855-A315-48F8-818F-AE1DB4BBD70F}"
EndProject
Global
	GlobalSection(SolutionConfigurationPlatforms) = preSolution
		Debug|Any CPU = Debug|Any CPU
		Release|Any CPU = Release|Any CPU
	EndGlobalSection
	GlobalSection(ProjectConfigurationPlatforms) = postSolution
		{73A00855-A315-48F8-818F-AE1DB4BBD70F}.Debug|Any CPU.ActiveCfg = Debug|Any CPU
		{73A00855-A315-48F8-818F-AE1DB4BBD70F}.Debug|Any CPU.Build.0 = Debug|Any CPU
		{73A00855-A315-48F8-818F-AE1DB4BBD70F}.Release|Any CPU.ActiveCfg = Release|Any CPU
		{73A00855-A315-48F8-818F-AE1DB4BBD70F}.Release|Any CPU.Build.0 = Release|Any CPU
	EndGlobalSection
	GlobalSection(SolutionProperties) = preSolution
		HideSolutionNode = FALSE
	EndGlobalSection
	GlobalSection(ExtensibilityGlobals) = postSolution
		SolutionGuid = {2D29F541-FC94-4012-BC87-F0E646078E65}
	EndGlobalSection
EndGlobal
